
Microsoft Visual Studio Solution File, Format Version 12.00
# Visual Studio Version 16
VisualStudioVersion = 16.0.30114.105
MinimumVisualStudioVersion = 10.0.40219.1
Project("{2150E333-8FDC-42A3-9474-1A3956D46DE8}") = "src", "src", "{8B87BF2D-537E-4653-A729-6944642E587D}"
EndProject
Project("{FAE04EC0-301F-11D3-BF4B-00C04F79EFBC}") = "discogsharp", "src\discogsharp\discogsharp.csproj", "{07A4B7F8-6430-4A3B-8C45-867A218C5826}"
EndProject
Global
	GlobalSection(SolutionConfigurationPlatforms) = preSolution
		Debug|Any CPU = Debug|Any CPU
		Release|Any CPU = Release|Any CPU
	EndGlobalSection
	GlobalSection(SolutionProperties) = preSolution
		HideSolutionNode = FALSE
	EndGlobalSection
	GlobalSection(ProjectConfigurationPlatforms) = postSolution
		{07A4B7F8-6430-4A3B-8C45-867A218C5826}.Debug|Any CPU.ActiveCfg = Debug|Any CPU
		{07A4B7F8-6430-4A3B-8C45-867A218C5826}.Debug|Any CPU.Build.0 = Debug|Any CPU
		{07A4B7F8-6430-4A3B-8C45-867A218C5826}.Release|Any CPU.ActiveCfg = Release|Any CPU
		{07A4B7F8-6430-4A3B-8C45-867A218C5826}.Release|Any CPU.Build.0 = Release|Any CPU
	EndGlobalSection
	GlobalSection(NestedProjects) = preSolution
		{07A4B7F8-6430-4A3B-8C45-867A218C5826} = {8B87BF2D-537E-4653-A729-6944642E587D}
	EndGlobalSection
EndGlobal
